
Microsoft Visual Studio Solution File, Format Version 12.00
# Visual Studio Version 17
VisualStudioVersion = 17.14.36327.8 d17.14
MinimumVisualStudioVersion = 10.0.40219.1
Project("{FAE04EC0-301F-11D3-BF4B-00C04F79EFBC}") = "sample1", "sample1\sample1.csproj", "{40D87D04-49C0-47AE-8EB6-42F5A0FCABE0}"
EndProject
Global
	GlobalSection(SolutionConfigurationPlatforms) = preSolution
		Debug|Any CPU = Debug|Any CPU
		Release|Any CPU = Release|Any CPU
	EndGlobalSection
	GlobalSection(ProjectConfigurationPlatforms) = postSolution
		{40D87D04-49C0-47AE-8EB6-42F5A0FCABE0}.Debug|Any CPU.ActiveCfg = Debug|Any CPU
		{40D87D04-49C0-47AE-8EB6-42F5A0FCABE0}.Debug|Any CPU.Build.0 = Debug|Any CPU
		{40D87D04-49C0-47AE-8EB6-42F5A0FCABE0}.Release|Any CPU.ActiveCfg = Release|Any CPU
		{40D87D04-49C0-47AE-8EB6-42F5A0FCABE0}.Release|Any CPU.Build.0 = Release|Any CPU
	EndGlobalSection
	GlobalSection(SolutionProperties) = preSolution
		HideSolutionNode = FALSE
	EndGlobalSection
	GlobalSection(ExtensibilityGlobals) = postSolution
		SolutionGuid = {AAD112B1-F210-49FC-A719-BF6332C28F4E}
	EndGlobalSection
EndGlobal
